{
  "object": {
    "pins": [
      {
        "package": "Alamofire",
        "repositoryURL": "https://github.com/Alamofire/Alamofire",
        "state": {
          "branch": "master",
          "revision": "2d085513c48a17082859fede7e6530dfb971f554",
          "version": null
        }
      },
      {
        "package": "Neumorphic",
        "repositoryURL": "https://github.com/costachung/neumorphic/",
        "state": {
          "branch": "master",
          "revision": "ece63559ba075e2546600450c37cde82cc463537",
          "version": null
        }
      },
      {
        "package": "SwiftUIFlux",
        "repositoryURL": "https://github.com/Dimillian/SwiftUIFlux",
        "state": {
          "branch": "master",
          "revision": "39b885558fdee277f7ca2a8c81900123e9bc436f",
          "version": null
        }
      }
    ]
  },
  "version": 1
}
