// !$*UTF8*$!
{
	archiveVersion = 1;
	classes = {
	};
	objectVersion = 55;
	objects = {

/* Begin PBXBuildFile section */
		13338C9127DE078B00B8BD1D /* ExchangeRate.swift in Sources */ = {isa = PBXBuildFile; fileRef = 13338C9027DE078B00B8BD1D /* ExchangeRate.swift */; };
		13338C9327DE1BC200B8BD1D /* ToTextInput.swift in Sources */ = {isa = PBXBuildFile; fileRef = 13338C9227DE1BC200B8BD1D /* ToTextInput.swift */; };
		1355659427DD3F0D007554D0 /* ExchangeView.swift in Sources */ = {isa = PBXBuildFile; fileRef = 1355659327DD3F0D007554D0 /* ExchangeView.swift */; };
		1355659627DD3F88007554D0 /* FlagBackground.swift in Sources */ = {isa = PBXBuildFile; fileRef = 1355659527DD3F88007554D0 /* FlagBackground.swift */; };
		1355659827DD3FB9007554D0 /* FromTextInput.swift in Sources */ = {isa = PBXBuildFile; fileRef = 1355659727DD3FB9007554D0 /* FromTextInput.swift */; };
		1355659A27DD3FCE007554D0 /* OuterShadowBackground.swift in Sources */ = {isa = PBXBuildFile; fileRef = 1355659927DD3FCE007554D0 /* OuterShadowBackground.swift */; };
		1355659C27DD3FFF007554D0 /* InnerShadowBackground.swift in Sources */ = {isa = PBXBuildFile; fileRef = 1355659B27DD3FFF007554D0 /* InnerShadowBackground.swift */; };
		1355659E27DD5377007554D0 /* SectionTitle.swift in Sources */ = {isa = PBXBuildFile; fileRef = 1355659D27DD5377007554D0 /* SectionTitle.swift */; };
		13FAA75227DA5041006BAA9D /* CurrencyExchangeApp.swift in Sources */ = {isa = PBXBuildFile; fileRef = 13FAA75127DA5041006BAA9D /* CurrencyExchangeApp.swift */; };
		13FAA75427DA5041006BAA9D /* ContentView.swift in Sources */ = {isa = PBXBuildFile; fileRef = 13FAA75327DA5041006BAA9D /* ContentView.swift */; };
		13FAA75627DA5043006BAA9D /* Assets.xcassets in Resources */ = {isa = PBXBuildFile; fileRef = 13FAA75527DA5043006BAA9D /* Assets.xcassets */; };
		13FAA75927DA5043006BAA9D /* Preview Assets.xcassets in Resources */ = {isa = PBXBuildFile; fileRef = 13FAA75827DA5043006BAA9D /* Preview Assets.xcassets */; };
		13FAA76327DA5043006BAA9D /* CurrencyExchangeTests.swift in Sources */ = {isa = PBXBuildFile; fileRef = 13FAA76227DA5043006BAA9D /* CurrencyExchangeTests.swift */; };
		13FAA76D27DA5043006BAA9D /* CurrencyExchangeUITests.swift in Sources */ = {isa = PBXBuildFile; fileRef = 13FAA76C27DA5043006BAA9D /* CurrencyExchangeUITests.swift */; };
		13FAA76F27DA5043006BAA9D /* CurrencyExchangeUITestsLaunchTests.swift in Sources */ = {isa = PBXBuildFile; fileRef = 13FAA76E27DA5043006BAA9D /* CurrencyExchangeUITestsLaunchTests.swift */; };
		13FAA77D27DA5060006BAA9D /* SwiftUIFlux in Frameworks */ = {isa = PBXBuildFile; productRef = 13FAA77C27DA5060006BAA9D /* SwiftUIFlux */; };
		13FAA78027DA5087006BAA9D /* Alamofire in Frameworks */ = {isa = PBXBuildFile; productRef = 13FAA77F27DA5087006BAA9D /* Alamofire */; };
		13FAA78427DA54A4006BAA9D /* Store.swift in Sources */ = {isa = PBXBuildFile; fileRef = 13FAA78327DA54A4006BAA9D /* Store.swift */; };
		13FAA78727DA55B9006BAA9D /* AppState.swift in Sources */ = {isa = PBXBuildFile; fileRef = 13FAA78627DA55B9006BAA9D /* AppState.swift */; };
		13FAA78A27DA55E8006BAA9D /* AppReducer.swift in Sources */ = {isa = PBXBuildFile; fileRef = 13FAA78927DA55E8006BAA9D /* AppReducer.swift */; };
		13FAA79127DA5C82006BAA9D /* AppEnvironment.swift in Sources */ = {isa = PBXBuildFile; fileRef = 13FAA79027DA5C82006BAA9D /* AppEnvironment.swift */; };
		13FAA79327DA5FE4006BAA9D /* Constants.swift in Sources */ = {isa = PBXBuildFile; fileRef = 13FAA79227DA5FE4006BAA9D /* Constants.swift */; };
		13FAA79627DA6179006BAA9D /* CurrencyCodes.swift in Sources */ = {isa = PBXBuildFile; fileRef = 13FAA79527DA6179006BAA9D /* CurrencyCodes.swift */; };
		13FAA79827DA63DF006BAA9D /* CurrencySymbols.swift in Sources */ = {isa = PBXBuildFile; fileRef = 13FAA79727DA63DF006BAA9D /* CurrencySymbols.swift */; };
		13FAA79A27DA6524006BAA9D /* Currency.swift in Sources */ = {isa = PBXBuildFile; fileRef = 13FAA79927DA6523006BAA9D /* Currency.swift */; };
		13FAA79C27DA6565006BAA9D /* Balance.swift in Sources */ = {isa = PBXBuildFile; fileRef = 13FAA79B27DA6565006BAA9D /* Balance.swift */; };
		13FAA79F27DA6723006BAA9D /* ExchangeAPI.swift in Sources */ = {isa = PBXBuildFile; fileRef = 13FAA79E27DA6723006BAA9D /* ExchangeAPI.swift */; };
		13FAA7A227DA6776006BAA9D /* URLRequestBuilder.swift in Sources */ = {isa = PBXBuildFile; fileRef = 13FAA7A127DA6776006BAA9D /* URLRequestBuilder.swift */; };
		13FAA7A427DA6793006BAA9D /* NetworkManager.swift in Sources */ = {isa = PBXBuildFile; fileRef = 13FAA7A327DA6793006BAA9D /* NetworkManager.swift */; };
		13FAA7A627DA67F5006BAA9D /* Endpoints.swift in Sources */ = {isa = PBXBuildFile; fileRef = 13FAA7A527DA67F5006BAA9D /* Endpoints.swift */; };
		13FAA7A827DA6BB2006BAA9D /* CurrencyState.swift in Sources */ = {isa = PBXBuildFile; fileRef = 13FAA7A727DA6BB1006BAA9D /* CurrencyState.swift */; };
		13FAA7AA27DA6C2B006BAA9D /* BalanceState.swift in Sources */ = {isa = PBXBuildFile; fileRef = 13FAA7A927DA6C2B006BAA9D /* BalanceState.swift */; };
		13FAA7AC27DA6C48006BAA9D /* CurrencyReducer.swift in Sources */ = {isa = PBXBuildFile; fileRef = 13FAA7AB27DA6C48006BAA9D /* CurrencyReducer.swift */; };
		13FAA7AE27DA6C53006BAA9D /* BalanceReducer.swift in Sources */ = {isa = PBXBuildFile; fileRef = 13FAA7AD27DA6C53006BAA9D /* BalanceReducer.swift */; };
		13FAA7B027DA6D07006BAA9D /* CurrencyActions.swift in Sources */ = {isa = PBXBuildFile; fileRef = 13FAA7AF27DA6D07006BAA9D /* CurrencyActions.swift */; };
		13FAA7B227DA6EDE006BAA9D /* BalanceActions.swift in Sources */ = {isa = PBXBuildFile; fileRef = 13FAA7B127DA6EDE006BAA9D /* BalanceActions.swift */; };
		13FAA7B427DA7305006BAA9D /* BalanceResult.swift in Sources */ = {isa = PBXBuildFile; fileRef = 13FAA7B327DA7305006BAA9D /* BalanceResult.swift */; };
		13FAA7B727DBA9B5006BAA9D /* BalanceView.swift in Sources */ = {isa = PBXBuildFile; fileRef = 13FAA7B627DBA9B5006BAA9D /* BalanceView.swift */; };
		13FAA7BA27DBADA1006BAA9D /* Neumorphic in Frameworks */ = {isa = PBXBuildFile; productRef = 13FAA7B927DBADA1006BAA9D /* Neumorphic */; };
		13FAA7BD27DBBB9E006BAA9D /* Colors.swift in Sources */ = {isa = PBXBuildFile; fileRef = 13FAA7BC27DBBB9E006BAA9D /* Colors.swift */; };
/* End PBXBuildFile section */

/* Begin PBXContainerItemProxy section */
		13FAA75F27DA5043006BAA9D /* PBXContainerItemProxy */ = {
			isa = PBXContainerItemProxy;
			containerPortal = 13FAA74627DA5041006BAA9D /* Project object */;
			proxyType = 1;
			remoteGlobalIDString = 13FAA74D27DA5041006BAA9D;
			remoteInfo = CurrencyExchange;
		};
		13FAA76927DA5043006BAA9D /* PBXContainerItemProxy */ = {
			isa = PBXContainerItemProxy;
			containerPortal = 13FAA74627DA5041006BAA9D /* Project object */;
			proxyType = 1;
			remoteGlobalIDString = 13FAA74D27DA5041006BAA9D;
			remoteInfo = CurrencyExchange;
		};
/* End PBXContainerItemProxy section */

/* Begin PBXFileReference section */
		13338C8F27DDFDED00B8BD1D /* Info.plist */ = {isa = PBXFileReference; lastKnownFileType = text.plist; path = Info.plist; sourceTree = "<group>"; };
		13338C9027DE078B00B8BD1D /* ExchangeRate.swift */ = {isa = PBXFileReference; lastKnownFileType = sourcecode.swift; path = ExchangeRate.swift; sourceTree = "<group>"; };
		13338C9227DE1BC200B8BD1D /* ToTextInput.swift */ = {isa = PBXFileReference; lastKnownFileType = sourcecode.swift; path = ToTextInput.swift; sourceTree = "<group>"; };
		1355659327DD3F0D007554D0 /* ExchangeView.swift */ = {isa = PBXFileReference; lastKnownFileType = sourcecode.swift; path = ExchangeView.swift; sourceTree = "<group>"; };
		1355659527DD3F88007554D0 /* FlagBackground.swift */ = {isa = PBXFileReference; lastKnownFileType = sourcecode.swift; path = FlagBackground.swift; sourceTree = "<group>"; };
		1355659727DD3FB9007554D0 /* FromTextInput.swift */ = {isa = PBXFileReference; lastKnownFileType = sourcecode.swift; path = FromTextInput.swift; sourceTree = "<group>"; };
		1355659927DD3FCE007554D0 /* OuterShadowBackground.swift */ = {isa = PBXFileReference; lastKnownFileType = sourcecode.swift; path = OuterShadowBackground.swift; sourceTree = "<group>"; };
		1355659B27DD3FFF007554D0 /* InnerShadowBackground.swift */ = {isa = PBXFileReference; lastKnownFileType = sourcecode.swift; path = InnerShadowBackground.swift; sourceTree = "<group>"; };
		1355659D27DD5377007554D0 /* SectionTitle.swift */ = {isa = PBXFileReference; lastKnownFileType = sourcecode.swift; path = SectionTitle.swift; sourceTree = "<group>"; };
		13FAA74E27DA5041006BAA9D /* CurrencyExchange.app */ = {isa = PBXFileReference; explicitFileType = wrapper.application; includeInIndex = 0; path = CurrencyExchange.app; sourceTree = BUILT_PRODUCTS_DIR; };
		13FAA75127DA5041006BAA9D /* CurrencyExchangeApp.swift */ = {isa = PBXFileReference; lastKnownFileType = sourcecode.swift; path = CurrencyExchangeApp.swift; sourceTree = "<group>"; };
		13FAA75327DA5041006BAA9D /* ContentView.swift */ = {isa = PBXFileReference; lastKnownFileType = sourcecode.swift; path = ContentView.swift; sourceTree = "<group>"; };
		13FAA75527DA5043006BAA9D /* Assets.xcassets */ = {isa = PBXFileReference; lastKnownFileType = folder.assetcatalog; path = Assets.xcassets; sourceTree = "<group>"; };
		13FAA75827DA5043006BAA9D /* Preview Assets.xcassets */ = {isa = PBXFileReference; lastKnownFileType = folder.assetcatalog; path = "Preview Assets.xcassets"; sourceTree = "<group>"; };
		13FAA75E27DA5043006BAA9D /* CurrencyExchangeTests.xctest */ = {isa = PBXFileReference; explicitFileType = wrapper.cfbundle; includeInIndex = 0; path = CurrencyExchangeTests.xctest; sourceTree = BUILT_PRODUCTS_DIR; };
		13FAA76227DA5043006BAA9D /* CurrencyExchangeTests.swift */ = {isa = PBXFileReference; lastKnownFileType = sourcecode.swift; path = CurrencyExchangeTests.swift; sourceTree = "<group>"; };
		13FAA76827DA5043006BAA9D /* CurrencyExchangeUITests.xctest */ = {isa = PBXFileReference; explicitFileType = wrapper.cfbundle; includeInIndex = 0; path = CurrencyExchangeUITests.xctest; sourceTree = BUILT_PRODUCTS_DIR; };
		13FAA76C27DA5043006BAA9D /* CurrencyExchangeUITests.swift */ = {isa = PBXFileReference; lastKnownFileType = sourcecode.swift; path = CurrencyExchangeUITests.swift; sourceTree = "<group>"; };
		13FAA76E27DA5043006BAA9D /* CurrencyExchangeUITestsLaunchTests.swift */ = {isa = PBXFileReference; lastKnownFileType = sourcecode.swift; path = CurrencyExchangeUITestsLaunchTests.swift; sourceTree = "<group>"; };
		13FAA78327DA54A4006BAA9D /* Store.swift */ = {isa = PBXFileReference; lastKnownFileType = sourcecode.swift; path = Store.swift; sourceTree = "<group>"; };
		13FAA78627DA55B9006BAA9D /* AppState.swift */ = {isa = PBXFileReference; lastKnownFileType = sourcecode.swift; path = AppState.swift; sourceTree = "<group>"; };
		13FAA78927DA55E8006BAA9D /* AppReducer.swift */ = {isa = PBXFileReference; lastKnownFileType = sourcecode.swift; path = AppReducer.swift; sourceTree = "<group>"; };
		13FAA79027DA5C82006BAA9D /* AppEnvironment.swift */ = {isa = PBXFileReference; lastKnownFileType = sourcecode.swift; path = AppEnvironment.swift; sourceTree = "<group>"; };
		13FAA79227DA5FE4006BAA9D /* Constants.swift */ = {isa = PBXFileReference; lastKnownFileType = sourcecode.swift; path = Constants.swift; sourceTree = "<group>"; };
		13FAA79527DA6179006BAA9D /* CurrencyCodes.swift */ = {isa = PBXFileReference; lastKnownFileType = sourcecode.swift; path = CurrencyCodes.swift; sourceTree = "<group>"; };
		13FAA79727DA63DF006BAA9D /* CurrencySymbols.swift */ = {isa = PBXFileReference; lastKnownFileType = sourcecode.swift; path = CurrencySymbols.swift; sourceTree = "<group>"; };
		13FAA79927DA6523006BAA9D /* Currency.swift */ = {isa = PBXFileReference; lastKnownFileType = sourcecode.swift; path = Currency.swift; sourceTree = "<group>"; };
		13FAA79B27DA6565006BAA9D /* Balance.swift */ = {isa = PBXFileReference; lastKnownFileType = sourcecode.swift; path = Balance.swift; sourceTree = "<group>"; };
		13FAA79E27DA6723006BAA9D /* ExchangeAPI.swift */ = {isa = PBXFileReference; lastKnownFileType = sourcecode.swift; path = ExchangeAPI.swift; sourceTree = "<group>"; };
		13FAA7A127DA6776006BAA9D /* URLRequestBuilder.swift */ = {isa = PBXFileReference; lastKnownFileType = sourcecode.swift; path = URLRequestBuilder.swift; sourceTree = "<group>"; };
		13FAA7A327DA6793006BAA9D /* NetworkManager.swift */ = {isa = PBXFileReference; lastKnownFileType = sourcecode.swift; path = NetworkManager.swift; sourceTree = "<group>"; };
		13FAA7A527DA67F5006BAA9D /* Endpoints.swift */ = {isa = PBXFileReference; lastKnownFileType = sourcecode.swift; path = Endpoints.swift; sourceTree = "<group>"; };
		13FAA7A727DA6BB1006BAA9D /* CurrencyState.swift */ = {isa = PBXFileReference; lastKnownFileType = sourcecode.swift; path = CurrencyState.swift; sourceTree = "<group>"; };
		13FAA7A927DA6C2B006BAA9D /* BalanceState.swift */ = {isa = PBXFileReference; lastKnownFileType = sourcecode.swift; path = BalanceState.swift; sourceTree = "<group>"; };
		13FAA7AB27DA6C48006BAA9D /* CurrencyReducer.swift */ = {isa = PBXFileReference; lastKnownFileType = sourcecode.swift; path = CurrencyReducer.swift; sourceTree = "<group>"; };
		13FAA7AD27DA6C53006BAA9D /* BalanceReducer.swift */ = {isa = PBXFileReference; lastKnownFileType = sourcecode.swift; path = BalanceReducer.swift; sourceTree = "<group>"; };
		13FAA7AF27DA6D07006BAA9D /* CurrencyActions.swift */ = {isa = PBXFileReference; lastKnownFileType = sourcecode.swift; path = CurrencyActions.swift; sourceTree = "<group>"; };
		13FAA7B127DA6EDE006BAA9D /* BalanceActions.swift */ = {isa = PBXFileReference; lastKnownFileType = sourcecode.swift; path = BalanceActions.swift; sourceTree = "<group>"; };
		13FAA7B327DA7305006BAA9D /* BalanceResult.swift */ = {isa = PBXFileReference; lastKnownFileType = sourcecode.swift; path = BalanceResult.swift; sourceTree = "<group>"; };
		13FAA7B627DBA9B5006BAA9D /* BalanceView.swift */ = {isa = PBXFileReference; lastKnownFileType = sourcecode.swift; path = BalanceView.swift; sourceTree = "<group>"; };
		13FAA7BC27DBBB9E006BAA9D /* Colors.swift */ = {isa = PBXFileReference; lastKnownFileType = sourcecode.swift; path = Colors.swift; sourceTree = "<group>"; };
/* End PBXFileReference section */

/* Begin PBXFrameworksBuildPhase section */
		13FAA74B27DA5041006BAA9D /* Frameworks */ = {
			isa = PBXFrameworksBuildPhase;
			buildActionMask = 2147483647;
			files = (
				13FAA77D27DA5060006BAA9D /* SwiftUIFlux in Frameworks */,
				13FAA78027DA5087006BAA9D /* Alamofire in Frameworks */,
				13FAA7BA27DBADA1006BAA9D /* Neumorphic in Frameworks */,
			);
			runOnlyForDeploymentPostprocessing = 0;
		};
		13FAA75B27DA5043006BAA9D /* Frameworks */ = {
			isa = PBXFrameworksBuildPhase;
			buildActionMask = 2147483647;
			files = (
			);
			runOnlyForDeploymentPostprocessing = 0;
		};
		13FAA76527DA5043006BAA9D /* Frameworks */ = {
			isa = PBXFrameworksBuildPhase;
			buildActionMask = 2147483647;
			files = (
			);
			runOnlyForDeploymentPostprocessing = 0;
		};
/* End PBXFrameworksBuildPhase section */

/* Begin PBXGroup section */
		13FAA74527DA5041006BAA9D = {
			isa = PBXGroup;
			children = (
				13FAA75027DA5041006BAA9D /* CurrencyExchange */,
				13FAA76127DA5043006BAA9D /* CurrencyExchangeTests */,
				13FAA76B27DA5043006BAA9D /* CurrencyExchangeUITests */,
				13FAA74F27DA5041006BAA9D /* Products */,
			);
			sourceTree = "<group>";
		};
		13FAA74F27DA5041006BAA9D /* Products */ = {
			isa = PBXGroup;
			children = (
				13FAA74E27DA5041006BAA9D /* CurrencyExchange.app */,
				13FAA75E27DA5043006BAA9D /* CurrencyExchangeTests.xctest */,
				13FAA76827DA5043006BAA9D /* CurrencyExchangeUITests.xctest */,
			);
			name = Products;
			sourceTree = "<group>";
		};
		13FAA75027DA5041006BAA9D /* CurrencyExchange */ = {
			isa = PBXGroup;
			children = (
				13338C8F27DDFDED00B8BD1D /* Info.plist */,
				13FAA75527DA5043006BAA9D /* Assets.xcassets */,
				13FAA7BE27DBC538006BAA9D /* Extension */,
				13FAA7B527DBA98E006BAA9D /* View */,
				13FAA79427DA610D006BAA9D /* Model */,
				13FAA78E27DA5C25006BAA9D /* Network */,
				13FAA78127DA512A006BAA9D /* Redux */,
				13FAA75127DA5041006BAA9D /* CurrencyExchangeApp.swift */,
				13FAA75727DA5043006BAA9D /* Preview Content */,
			);
			path = CurrencyExchange;
			sourceTree = "<group>";
		};
		13FAA75727DA5043006BAA9D /* Preview Content */ = {
			isa = PBXGroup;
			children = (
				13FAA75827DA5043006BAA9D /* Preview Assets.xcassets */,
			);
			path = "Preview Content";
			sourceTree = "<group>";
		};
		13FAA76127DA5043006BAA9D /* CurrencyExchangeTests */ = {
			isa = PBXGroup;
			children = (
				13FAA76227DA5043006BAA9D /* CurrencyExchangeTests.swift */,
			);
			path = CurrencyExchangeTests;
			sourceTree = "<group>";
		};
		13FAA76B27DA5043006BAA9D /* CurrencyExchangeUITests */ = {
			isa = PBXGroup;
			children = (
				13FAA76C27DA5043006BAA9D /* CurrencyExchangeUITests.swift */,
				13FAA76E27DA5043006BAA9D /* CurrencyExchangeUITestsLaunchTests.swift */,
			);
			path = CurrencyExchangeUITests;
			sourceTree = "<group>";
		};
		13FAA78127DA512A006BAA9D /* Redux */ = {
			isa = PBXGroup;
			children = (
				13FAA78B27DA5630006BAA9D /* Actions */,
				13FAA78827DA55D5006BAA9D /* Reducers */,
				13FAA78527DA54CF006BAA9D /* AppState */,
				13FAA78227DA5495006BAA9D /* Store */,
			);
			path = Redux;
			sourceTree = "<group>";
		};
		13FAA78227DA5495006BAA9D /* Store */ = {
			isa = PBXGroup;
			children = (
				13FAA78327DA54A4006BAA9D /* Store.swift */,
			);
			name = Store;
			path = "ئفخقث";
			sourceTree = "<group>";
		};
		13FAA78527DA54CF006BAA9D /* AppState */ = {
			isa = PBXGroup;
			children = (
				13FAA78627DA55B9006BAA9D /* AppState.swift */,
				13FAA7A727DA6BB1006BAA9D /* CurrencyState.swift */,
				13FAA7A927DA6C2B006BAA9D /* BalanceState.swift */,
			);
			path = AppState;
			sourceTree = "<group>";
		};
		13FAA78827DA55D5006BAA9D /* Reducers */ = {
			isa = PBXGroup;
			children = (
				13FAA78927DA55E8006BAA9D /* AppReducer.swift */,
				13FAA7AB27DA6C48006BAA9D /* CurrencyReducer.swift */,
				13FAA7AD27DA6C53006BAA9D /* BalanceReducer.swift */,
			);
			path = Reducers;
			sourceTree = "<group>";
		};
		13FAA78B27DA5630006BAA9D /* Actions */ = {
			isa = PBXGroup;
			children = (
				13FAA7AF27DA6D07006BAA9D /* CurrencyActions.swift */,
				13FAA7B127DA6EDE006BAA9D /* BalanceActions.swift */,
			);
			path = Actions;
			sourceTree = "<group>";
		};
		13FAA78E27DA5C25006BAA9D /* Network */ = {
			isa = PBXGroup;
			children = (
				13FAA7A027DA6739006BAA9D /* Base */,
				13FAA78F27DA5C30006BAA9D /* Constants */,
				13FAA79D27DA66DF006BAA9D /* Exchange */,
			);
			path = Network;
			sourceTree = "<group>";
		};
		13FAA78F27DA5C30006BAA9D /* Constants */ = {
			isa = PBXGroup;
			children = (
				13FAA79027DA5C82006BAA9D /* AppEnvironment.swift */,
				13FAA79227DA5FE4006BAA9D /* Constants.swift */,
			);
			path = Constants;
			sourceTree = "<group>";
		};
		13FAA79427DA610D006BAA9D /* Model */ = {
			isa = PBXGroup;
			children = (
				13FAA79527DA6179006BAA9D /* CurrencyCodes.swift */,
				13FAA79727DA63DF006BAA9D /* CurrencySymbols.swift */,
				13FAA79927DA6523006BAA9D /* Currency.swift */,
				13FAA79B27DA6565006BAA9D /* Balance.swift */,
				13FAA7B327DA7305006BAA9D /* BalanceResult.swift */,
				13338C9027DE078B00B8BD1D /* ExchangeRate.swift */,
			);
			path = Model;
			sourceTree = "<group>";
		};
		13FAA79D27DA66DF006BAA9D /* Exchange */ = {
			isa = PBXGroup;
			children = (
				13FAA79E27DA6723006BAA9D /* ExchangeAPI.swift */,
			);
			path = Exchange;
			sourceTree = "<group>";
		};
		13FAA7A027DA6739006BAA9D /* Base */ = {
			isa = PBXGroup;
			children = (
				13FAA7A127DA6776006BAA9D /* URLRequestBuilder.swift */,
				13FAA7A327DA6793006BAA9D /* NetworkManager.swift */,
				13FAA7A527DA67F5006BAA9D /* Endpoints.swift */,
			);
			path = Base;
			sourceTree = "<group>";
		};
		13FAA7B527DBA98E006BAA9D /* View */ = {
			isa = PBXGroup;
			children = (
				13FAA75327DA5041006BAA9D /* ContentView.swift */,
				13FAA7B627DBA9B5006BAA9D /* BalanceView.swift */,
				1355659327DD3F0D007554D0 /* ExchangeView.swift */,
				1355659727DD3FB9007554D0 /* FromTextInput.swift */,
				13338C9227DE1BC200B8BD1D /* ToTextInput.swift */,
				1355659527DD3F88007554D0 /* FlagBackground.swift */,
				1355659927DD3FCE007554D0 /* OuterShadowBackground.swift */,
				1355659B27DD3FFF007554D0 /* InnerShadowBackground.swift */,
				1355659D27DD5377007554D0 /* SectionTitle.swift */,
			);
			path = View;
			sourceTree = "<group>";
		};
		13FAA7BE27DBC538006BAA9D /* Extension */ = {
			isa = PBXGroup;
			children = (
				13FAA7BC27DBBB9E006BAA9D /* Colors.swift */,
			);
			path = Extension;
			sourceTree = "<group>";
		};
/* End PBXGroup section */

/* Begin PBXNativeTarget section */
		13FAA74D27DA5041006BAA9D /* CurrencyExchange */ = {
			isa = PBXNativeTarget;
			buildConfigurationList = 13FAA77227DA5043006BAA9D /* Build configuration list for PBXNativeTarget "CurrencyExchange" */;
			buildPhases = (
				13FAA74A27DA5041006BAA9D /* Sources */,
				13FAA74B27DA5041006BAA9D /* Frameworks */,
				13FAA74C27DA5041006BAA9D /* Resources */,
			);
			buildRules = (
			);
			dependencies = (
			);
			name = CurrencyExchange;
			packageProductDependencies = (
				13FAA77C27DA5060006BAA9D /* SwiftUIFlux */,
				13FAA77F27DA5087006BAA9D /* Alamofire */,
				13FAA7B927DBADA1006BAA9D /* Neumorphic */,
			);
			productName = CurrencyExchange;
			productReference = 13FAA74E27DA5041006BAA9D /* CurrencyExchange.app */;
			productType = "com.apple.product-type.application";
		};
		13FAA75D27DA5043006BAA9D /* CurrencyExchangeTests */ = {
			isa = PBXNativeTarget;
			buildConfigurationList = 13FAA77527DA5043006BAA9D /* Build configuration list for PBXNativeTarget "CurrencyExchangeTests" */;
			buildPhases = (
				13FAA75A27DA5043006BAA9D /* Sources */,
				13FAA75B27DA5043006BAA9D /* Frameworks */,
				13FAA75C27DA5043006BAA9D /* Resources */,
			);
			buildRules = (
			);
			dependencies = (
				13FAA76027DA5043006BAA9D /* PBXTargetDependency */,
			);
			name = CurrencyExchangeTests;
			productName = CurrencyExchangeTests;
			productReference = 13FAA75E27DA5043006BAA9D /* CurrencyExchangeTests.xctest */;
			productType = "com.apple.product-type.bundle.unit-test";
		};
		13FAA76727DA5043006BAA9D /* CurrencyExchangeUITests */ = {
			isa = PBXNativeTarget;
			buildConfigurationList = 13FAA77827DA5043006BAA9D /* Build configuration list for PBXNativeTarget "CurrencyExchangeUITests" */;
			buildPhases = (
				13FAA76427DA5043006BAA9D /* Sources */,
				13FAA76527DA5043006BAA9D /* Frameworks */,
				13FAA76627DA5043006BAA9D /* Resources */,
			);
			buildRules = (
			);
			dependencies = (
				13FAA76A27DA5043006BAA9D /* PBXTargetDependency */,
			);
			name = CurrencyExchangeUITests;
			productName = CurrencyExchangeUITests;
			productReference = 13FAA76827DA5043006BAA9D /* CurrencyExchangeUITests.xctest */;
			productType = "com.apple.product-type.bundle.ui-testing";
		};
/* End PBXNativeTarget section */

/* Begin PBXProject section */
		13FAA74627DA5041006BAA9D /* Project object */ = {
			isa = PBXProject;
			attributes = {
				BuildIndependentTargetsInParallel = 1;
				LastSwiftUpdateCheck = 1320;
				LastUpgradeCheck = 1320;
				TargetAttributes = {
					13FAA74D27DA5041006BAA9D = {
						CreatedOnToolsVersion = 13.2.1;
					};
					13FAA75D27DA5043006BAA9D = {
						CreatedOnToolsVersion = 13.2.1;
						TestTargetID = 13FAA74D27DA5041006BAA9D;
					};
					13FAA76727DA5043006BAA9D = {
						CreatedOnToolsVersion = 13.2.1;
						TestTargetID = 13FAA74D27DA5041006BAA9D;
					};
				};
			};
			buildConfigurationList = 13FAA74927DA5041006BAA9D /* Build configuration list for PBXProject "CurrencyExchange" */;
			compatibilityVersion = "Xcode 13.0";
			developmentRegion = en;
			hasScannedForEncodings = 0;
			knownRegions = (
				en,
				Base,
			);
			mainGroup = 13FAA74527DA5041006BAA9D;
			packageReferences = (
				13FAA77B27DA5060006BAA9D /* XCRemoteSwiftPackageReference "SwiftUIFlux" */,
				13FAA77E27DA5087006BAA9D /* XCRemoteSwiftPackageReference "Alamofire" */,
				13FAA7B827DBADA1006BAA9D /* XCRemoteSwiftPackageReference "neumorphic" */,
			);
			productRefGroup = 13FAA74F27DA5041006BAA9D /* Products */;
			projectDirPath = "";
			projectRoot = "";
			targets = (
				13FAA74D27DA5041006BAA9D /* CurrencyExchange */,
				13FAA75D27DA5043006BAA9D /* CurrencyExchangeTests */,
				13FAA76727DA5043006BAA9D /* CurrencyExchangeUITests */,
			);
		};
/* End PBXProject section */

/* Begin PBXResourcesBuildPhase section */
		13FAA74C27DA5041006BAA9D /* Resources */ = {
			isa = PBXResourcesBuildPhase;
			buildActionMask = 2147483647;
			files = (
				13FAA75927DA5043006BAA9D /* Preview Assets.xcassets in Resources */,
				13FAA75627DA5043006BAA9D /* Assets.xcassets in Resources */,
			);
			runOnlyForDeploymentPostprocessing = 0;
		};
		13FAA75C27DA5043006BAA9D /* Resources */ = {
			isa = PBXResourcesBuildPhase;
			buildActionMask = 2147483647;
			files = (
			);
			runOnlyForDeploymentPostprocessing = 0;
		};
		13FAA76627DA5043006BAA9D /* Resources */ = {
			isa = PBXResourcesBuildPhase;
			buildActionMask = 2147483647;
			files = (
			);
			runOnlyForDeploymentPostprocessing = 0;
		};
/* End PBXResourcesBuildPhase section */

/* Begin PBXSourcesBuildPhase section */
		13FAA74A27DA5041006BAA9D /* Sources */ = {
			isa = PBXSourcesBuildPhase;
			buildActionMask = 2147483647;
			files = (
				13FAA7B227DA6EDE006BAA9D /* BalanceActions.swift in Sources */,
				1355659627DD3F88007554D0 /* FlagBackground.swift in Sources */,
				13FAA7BD27DBBB9E006BAA9D /* Colors.swift in Sources */,
				1355659A27DD3FCE007554D0 /* OuterShadowBackground.swift in Sources */,
				13338C9327DE1BC200B8BD1D /* ToTextInput.swift in Sources */,
				13FAA79127DA5C82006BAA9D /* AppEnvironment.swift in Sources */,
				13FAA78427DA54A4006BAA9D /* Store.swift in Sources */,
				13FAA75427DA5041006BAA9D /* ContentView.swift in Sources */,
				13FAA75227DA5041006BAA9D /* CurrencyExchangeApp.swift in Sources */,
				13FAA7A827DA6BB2006BAA9D /* CurrencyState.swift in Sources */,
				13FAA7B727DBA9B5006BAA9D /* BalanceView.swift in Sources */,
				13FAA78727DA55B9006BAA9D /* AppState.swift in Sources */,
				13FAA79A27DA6524006BAA9D /* Currency.swift in Sources */,
				13338C9127DE078B00B8BD1D /* ExchangeRate.swift in Sources */,
				13FAA7A227DA6776006BAA9D /* URLRequestBuilder.swift in Sources */,
				13FAA79827DA63DF006BAA9D /* CurrencySymbols.swift in Sources */,
				13FAA78A27DA55E8006BAA9D /* AppReducer.swift in Sources */,
				1355659427DD3F0D007554D0 /* ExchangeView.swift in Sources */,
				13FAA79627DA6179006BAA9D /* CurrencyCodes.swift in Sources */,
				13FAA7B427DA7305006BAA9D /* BalanceResult.swift in Sources */,
				13FAA79F27DA6723006BAA9D /* ExchangeAPI.swift in Sources */,
				13FAA7A427DA6793006BAA9D /* NetworkManager.swift in Sources */,
				1355659E27DD5377007554D0 /* SectionTitle.swift in Sources */,
				13FAA7B027DA6D07006BAA9D /* CurrencyActions.swift in Sources */,
				13FAA7AA27DA6C2B006BAA9D /* BalanceState.swift in Sources */,
				13FAA79C27DA6565006BAA9D /* Balance.swift in Sources */,
				13FAA7A627DA67F5006BAA9D /* Endpoints.swift in Sources */,
				1355659C27DD3FFF007554D0 /* InnerShadowBackground.swift in Sources */,
				1355659827DD3FB9007554D0 /* FromTextInput.swift in Sources */,
				13FAA7AC27DA6C48006BAA9D /* CurrencyReducer.swift in Sources */,
				13FAA79327DA5FE4006BAA9D /* Constants.swift in Sources */,
				13FAA7AE27DA6C53006BAA9D /* BalanceReducer.swift in Sources */,
			);
			runOnlyForDeploymentPostprocessing = 0;
		};
		13FAA75A27DA5043006BAA9D /* Sources */ = {
			isa = PBXSourcesBuildPhase;
			buildActionMask = 2147483647;
			files = (
				13FAA76327DA5043006BAA9D /* CurrencyExchangeTests.swift in Sources */,
			);
			runOnlyForDeploymentPostprocessing = 0;
		};
		13FAA76427DA5043006BAA9D /* Sources */ = {
			isa = PBXSourcesBuildPhase;
			buildActionMask = 2147483647;
			files = (
				13FAA76F27DA5043006BAA9D /* CurrencyExchangeUITestsLaunchTests.swift in Sources */,
				13FAA76D27DA5043006BAA9D /* CurrencyExchangeUITests.swift in Sources */,
			);
			runOnlyForDeploymentPostprocessing = 0;
		};
/* End PBXSourcesBuildPhase section */

/* Begin PBXTargetDependency section */
		13FAA76027DA5043006BAA9D /* PBXTargetDependency */ = {
			isa = PBXTargetDependency;
			target = 13FAA74D27DA5041006BAA9D /* CurrencyExchange */;
			targetProxy = 13FAA75F27DA5043006BAA9D /* PBXContainerItemProxy */;
		};
		13FAA76A27DA5043006BAA9D /* PBXTargetDependency */ = {
			isa = PBXTargetDependency;
			target = 13FAA74D27DA5041006BAA9D /* CurrencyExchange */;
			targetProxy = 13FAA76927DA5043006BAA9D /* PBXContainerItemProxy */;
		};
/* End PBXTargetDependency section */

/* Begin XCBuildConfiguration section */
		13FAA77027DA5043006BAA9D /* Debug */ = {
			isa = XCBuildConfiguration;
			buildSettings = {
				ALWAYS_SEARCH_USER_PATHS = NO;
				CLANG_ANALYZER_NONNULL = YES;
				CLANG_ANALYZER_NUMBER_OBJECT_CONVERSION = YES_AGGRESSIVE;
				CLANG_CXX_LANGUAGE_STANDARD = "gnu++17";
				CLANG_CXX_LIBRARY = "libc++";
				CLANG_ENABLE_MODULES = YES;
				CLANG_ENABLE_OBJC_ARC = YES;
				CLANG_ENABLE_OBJC_WEAK = YES;
				CLANG_WARN_BLOCK_CAPTURE_AUTORELEASING = YES;
				CLANG_WARN_BOOL_CONVERSION = YES;
				CLANG_WARN_COMMA = YES;
				CLANG_WARN_CONSTANT_CONVERSION = YES;
				CLANG_WARN_DEPRECATED_OBJC_IMPLEMENTATIONS = YES;
				CLANG_WARN_DIRECT_OBJC_ISA_USAGE = YES_ERROR;
				CLANG_WARN_DOCUMENTATION_COMMENTS = YES;
				CLANG_WARN_EMPTY_BODY = YES;
				CLANG_WARN_ENUM_CONVERSION = YES;
				CLANG_WARN_INFINITE_RECURSION = YES;
				CLANG_WARN_INT_CONVERSION = YES;
				CLANG_WARN_NON_LITERAL_NULL_CONVERSION = YES;
				CLANG_WARN_OBJC_IMPLICIT_RETAIN_SELF = YES;
				CLANG_WARN_OBJC_LITERAL_CONVERSION = YES;
				CLANG_WARN_OBJC_ROOT_CLASS = YES_ERROR;
				CLANG_WARN_QUOTED_INCLUDE_IN_FRAMEWORK_HEADER = YES;
				CLANG_WARN_RANGE_LOOP_ANALYSIS = YES;
				CLANG_WARN_STRICT_PROTOTYPES = YES;
				CLANG_WARN_SUSPICIOUS_MOVE = YES;
				CLANG_WARN_UNGUARDED_AVAILABILITY = YES_AGGRESSIVE;
				CLANG_WARN_UNREACHABLE_CODE = YES;
				CLANG_WARN__DUPLICATE_METHOD_MATCH = YES;
				COPY_PHASE_STRIP = NO;
				DEBUG_INFORMATION_FORMAT = dwarf;
				ENABLE_STRICT_OBJC_MSGSEND = YES;
				ENABLE_TESTABILITY = YES;
				GCC_C_LANGUAGE_STANDARD = gnu11;
				GCC_DYNAMIC_NO_PIC = NO;
				GCC_NO_COMMON_BLOCKS = YES;
				GCC_OPTIMIZATION_LEVEL = 0;
				GCC_PREPROCESSOR_DEFINITIONS = (
					"DEBUG=1",
					"$(inherited)",
				);
				GCC_WARN_64_TO_32_BIT_CONVERSION = YES;
				GCC_WARN_ABOUT_RETURN_TYPE = YES_ERROR;
				GCC_WARN_UNDECLARED_SELECTOR = YES;
				GCC_WARN_UNINITIALIZED_AUTOS = YES_AGGRESSIVE;
				GCC_WARN_UNUSED_FUNCTION = YES;
				GCC_WARN_UNUSED_VARIABLE = YES;
				IPHONEOS_DEPLOYMENT_TARGET = 15.2;
				MTL_ENABLE_DEBUG_INFO = INCLUDE_SOURCE;
				MTL_FAST_MATH = YES;
				ONLY_ACTIVE_ARCH = YES;
				SDKROOT = iphoneos;
				SWIFT_ACTIVE_COMPILATION_CONDITIONS = DEBUG;
				SWIFT_OPTIMIZATION_LEVEL = "-Onone";
			};
			name = Debug;
		};
		13FAA77127DA5043006BAA9D /* Release */ = {
			isa = XCBuildConfiguration;
			buildSettings = {
				ALWAYS_SEARCH_USER_PATHS = NO;
				CLANG_ANALYZER_NONNULL = YES;
				CLANG_ANALYZER_NUMBER_OBJECT_CONVERSION = YES_AGGRESSIVE;
				CLANG_CXX_LANGUAGE_STANDARD = "gnu++17";
				CLANG_CXX_LIBRARY = "libc++";
				CLANG_ENABLE_MODULES = YES;
				CLANG_ENABLE_OBJC_ARC = YES;
				CLANG_ENABLE_OBJC_WEAK = YES;
				CLANG_WARN_BLOCK_CAPTURE_AUTORELEASING = YES;
				CLANG_WARN_BOOL_CONVERSION = YES;
				CLANG_WARN_COMMA = YES;
				CLANG_WARN_CONSTANT_CONVERSION = YES;
				CLANG_WARN_DEPRECATED_OBJC_IMPLEMENTATIONS = YES;
				CLANG_WARN_DIRECT_OBJC_ISA_USAGE = YES_ERROR;
				CLANG_WARN_DOCUMENTATION_COMMENTS = YES;
				CLANG_WARN_EMPTY_BODY = YES;
				CLANG_WARN_ENUM_CONVERSION = YES;
				CLANG_WARN_INFINITE_RECURSION = YES;
				CLANG_WARN_INT_CONVERSION = YES;
				CLANG_WARN_NON_LITERAL_NULL_CONVERSION = YES;
				CLANG_WARN_OBJC_IMPLICIT_RETAIN_SELF = YES;
				CLANG_WARN_OBJC_LITERAL_CONVERSION = YES;
				CLANG_WARN_OBJC_ROOT_CLASS = YES_ERROR;
				CLANG_WARN_QUOTED_INCLUDE_IN_FRAMEWORK_HEADER = YES;
				CLANG_WARN_RANGE_LOOP_ANALYSIS = YES;
				CLANG_WARN_STRICT_PROTOTYPES = YES;
				CLANG_WARN_SUSPICIOUS_MOVE = YES;
				CLANG_WARN_UNGUARDED_AVAILABILITY = YES_AGGRESSIVE;
				CLANG_WARN_UNREACHABLE_CODE = YES;
				CLANG_WARN__DUPLICATE_METHOD_MATCH = YES;
				COPY_PHASE_STRIP = NO;
				DEBUG_INFORMATION_FORMAT = "dwarf-with-dsym";
				ENABLE_NS_ASSERTIONS = NO;
				ENABLE_STRICT_OBJC_MSGSEND = YES;
				GCC_C_LANGUAGE_STANDARD = gnu11;
				GCC_NO_COMMON_BLOCKS = YES;
				GCC_WARN_64_TO_32_BIT_CONVERSION = YES;
				GCC_WARN_ABOUT_RETURN_TYPE = YES_ERROR;
				GCC_WARN_UNDECLARED_SELECTOR = YES;
				GCC_WARN_UNINITIALIZED_AUTOS = YES_AGGRESSIVE;
				GCC_WARN_UNUSED_FUNCTION = YES;
				GCC_WARN_UNUSED_VARIABLE = YES;
				IPHONEOS_DEPLOYMENT_TARGET = 15.2;
				MTL_ENABLE_DEBUG_INFO = NO;
				MTL_FAST_MATH = YES;
				SDKROOT = iphoneos;
				SWIFT_COMPILATION_MODE = wholemodule;
				SWIFT_OPTIMIZATION_LEVEL = "-O";
				VALIDATE_PRODUCT = YES;
			};
			name = Release;
		};
		13FAA77327DA5043006BAA9D /* Debug */ = {
			isa = XCBuildConfiguration;
			buildSettings = {
				ASSETCATALOG_COMPILER_APPICON_NAME = AppIcon;
				ASSETCATALOG_COMPILER_GLOBAL_ACCENT_COLOR_NAME = AccentColor;
				CODE_SIGN_STYLE = Automatic;
				CURRENT_PROJECT_VERSION = 1;
				DEVELOPMENT_ASSET_PATHS = "\"CurrencyExchange/Preview Content\"";
				DEVELOPMENT_TEAM = T8D29U4J3F;
				ENABLE_PREVIEWS = YES;
				GENERATE_INFOPLIST_FILE = YES;
				INFOPLIST_FILE = CurrencyExchange/Info.plist;
				INFOPLIST_KEY_UIApplicationSceneManifest_Generation = YES;
				INFOPLIST_KEY_UIApplicationSupportsIndirectInputEvents = YES;
				INFOPLIST_KEY_UILaunchScreen_Generation = YES;
				INFOPLIST_KEY_UISupportedInterfaceOrientations_iPad = "UIInterfaceOrientationPortrait UIInterfaceOrientationPortraitUpsideDown UIInterfaceOrientationLandscapeLeft UIInterfaceOrientationLandscapeRight";
				INFOPLIST_KEY_UISupportedInterfaceOrientations_iPhone = "UIInterfaceOrientationPortrait UIInterfaceOrientationLandscapeLeft UIInterfaceOrientationLandscapeRight";
				LD_RUNPATH_SEARCH_PATHS = (
					"$(inherited)",
					"@executable_path/Frameworks",
				);
				MARKETING_VERSION = 1.0;
				PRODUCT_BUNDLE_IDENTIFIER = com.paysera.CurrencyExchange;
				PRODUCT_NAME = "$(TARGET_NAME)";
				SWIFT_EMIT_LOC_STRINGS = YES;
				SWIFT_VERSION = 5.0;
				TARGETED_DEVICE_FAMILY = "1,2";
			};
			name = Debug;
		};
		13FAA77427DA5043006BAA9D /* Release */ = {
			isa = XCBuildConfiguration;
			buildSettings = {
				ASSETCATALOG_COMPILER_APPICON_NAME = AppIcon;
				ASSETCATALOG_COMPILER_GLOBAL_ACCENT_COLOR_NAME = AccentColor;
				CODE_SIGN_STYLE = Automatic;
				CURRENT_PROJECT_VERSION = 1;
				DEVELOPMENT_ASSET_PATHS = "\"CurrencyExchange/Preview Content\"";
				DEVELOPMENT_TEAM = T8D29U4J3F;
				ENABLE_PREVIEWS = YES;
				GENERATE_INFOPLIST_FILE = YES;
				INFOPLIST_FILE = CurrencyExchange/Info.plist;
				INFOPLIST_KEY_UIApplicationSceneManifest_Generation = YES;
				INFOPLIST_KEY_UIApplicationSupportsIndirectInputEvents = YES;
				INFOPLIST_KEY_UILaunchScreen_Generation = YES;
				INFOPLIST_KEY_UISupportedInterfaceOrientations_iPad = "UIInterfaceOrientationPortrait UIInterfaceOrientationPortraitUpsideDown UIInterfaceOrientationLandscapeLeft UIInterfaceOrientationLandscapeRight";
				INFOPLIST_KEY_UISupportedInterfaceOrientations_iPhone = "UIInterfaceOrientationPortrait UIInterfaceOrientationLandscapeLeft UIInterfaceOrientationLandscapeRight";
				LD_RUNPATH_SEARCH_PATHS = (
					"$(inherited)",
					"@executable_path/Frameworks",
				);
				MARKETING_VERSION = 1.0;
				PRODUCT_BUNDLE_IDENTIFIER = com.paysera.CurrencyExchange;
				PRODUCT_NAME = "$(TARGET_NAME)";
				SWIFT_EMIT_LOC_STRINGS = YES;
				SWIFT_VERSION = 5.0;
				TARGETED_DEVICE_FAMILY = "1,2";
			};
			name = Release;
		};
		13FAA77627DA5043006BAA9D /* Debug */ = {
			isa = XCBuildConfiguration;
			buildSettings = {
				ALWAYS_EMBED_SWIFT_STANDARD_LIBRARIES = YES;
				BUNDLE_LOADER = "$(TEST_HOST)";
				CODE_SIGN_STYLE = Automatic;
				CURRENT_PROJECT_VERSION = 1;
				DEVELOPMENT_TEAM = T8D29U4J3F;
				GENERATE_INFOPLIST_FILE = YES;
				IPHONEOS_DEPLOYMENT_TARGET = 15.2;
				MARKETING_VERSION = 1.0;
				PRODUCT_BUNDLE_IDENTIFIER = com.paysera.CurrencyExchangeTests;
				PRODUCT_NAME = "$(TARGET_NAME)";
				SWIFT_EMIT_LOC_STRINGS = NO;
				SWIFT_VERSION = 5.0;
				TARGETED_DEVICE_FAMILY = "1,2";
				TEST_HOST = "$(BUILT_PRODUCTS_DIR)/CurrencyExchange.app/CurrencyExchange";
			};
			name = Debug;
		};
		13FAA77727DA5043006BAA9D /* Release */ = {
			isa = XCBuildConfiguration;
			buildSettings = {
				ALWAYS_EMBED_SWIFT_STANDARD_LIBRARIES = YES;
				BUNDLE_LOADER = "$(TEST_HOST)";
				CODE_SIGN_STYLE = Automatic;
				CURRENT_PROJECT_VERSION = 1;
				DEVELOPMENT_TEAM = T8D29U4J3F;
				GENERATE_INFOPLIST_FILE = YES;
				IPHONEOS_DEPLOYMENT_TARGET = 15.2;
				MARKETING_VERSION = 1.0;
				PRODUCT_BUNDLE_IDENTIFIER = com.paysera.CurrencyExchangeTests;
				PRODUCT_NAME = "$(TARGET_NAME)";
				SWIFT_EMIT_LOC_STRINGS = NO;
				SWIFT_VERSION = 5.0;
				TARGETED_DEVICE_FAMILY = "1,2";
				TEST_HOST = "$(BUILT_PRODUCTS_DIR)/CurrencyExchange.app/CurrencyExchange";
			};
			name = Release;
		};
		13FAA77927DA5043006BAA9D /* Debug */ = {
			isa = XCBuildConfiguration;
			buildSettings = {
				ALWAYS_EMBED_SWIFT_STANDARD_LIBRARIES = YES;
				CODE_SIGN_STYLE = Automatic;
				CURRENT_PROJECT_VERSION = 1;
				DEVELOPMENT_TEAM = T8D29U4J3F;
				GENERATE_INFOPLIST_FILE = YES;
				MARKETING_VERSION = 1.0;
				PRODUCT_BUNDLE_IDENTIFIER = com.paysera.CurrencyExchangeUITests;
				PRODUCT_NAME = "$(TARGET_NAME)";
				SWIFT_EMIT_LOC_STRINGS = NO;
				SWIFT_VERSION = 5.0;
				TARGETED_DEVICE_FAMILY = "1,2";
				TEST_TARGET_NAME = CurrencyExchange;
			};
			name = Debug;
		};
		13FAA77A27DA5043006BAA9D /* Release */ = {
			isa = XCBuildConfiguration;
			buildSettings = {
				ALWAYS_EMBED_SWIFT_STANDARD_LIBRARIES = YES;
				CODE_SIGN_STYLE = Automatic;
				CURRENT_PROJECT_VERSION = 1;
				DEVELOPMENT_TEAM = T8D29U4J3F;
				GENERATE_INFOPLIST_FILE = YES;
				MARKETING_VERSION = 1.0;
				PRODUCT_BUNDLE_IDENTIFIER = com.paysera.CurrencyExchangeUITests;
				PRODUCT_NAME = "$(TARGET_NAME)";
				SWIFT_EMIT_LOC_STRINGS = NO;
				SWIFT_VERSION = 5.0;
				TARGETED_DEVICE_FAMILY = "1,2";
				TEST_TARGET_NAME = CurrencyExchange;
			};
			name = Release;
		};
/* End XCBuildConfiguration section */

/* Begin XCConfigurationList section */
		13FAA74927DA5041006BAA9D /* Build configuration list for PBXProject "CurrencyExchange" */ = {
			isa = XCConfigurationList;
			buildConfigurations = (
				13FAA77027DA5043006BAA9D /* Debug */,
				13FAA77127DA5043006BAA9D /* Release */,
			);
			defaultConfigurationIsVisible = 0;
			defaultConfigurationName = Release;
		};
		13FAA77227DA5043006BAA9D /* Build configuration list for PBXNativeTarget "CurrencyExchange" */ = {
			isa = XCConfigurationList;
			buildConfigurations = (
				13FAA77327DA5043006BAA9D /* Debug */,
				13FAA77427DA5043006BAA9D /* Release */,
			);
			defaultConfigurationIsVisible = 0;
			defaultConfigurationName = Release;
		};
		13FAA77527DA5043006BAA9D /* Build configuration list for PBXNativeTarget "CurrencyExchangeTests" */ = {
			isa = XCConfigurationList;
			buildConfigurations = (
				13FAA77627DA5043006BAA9D /* Debug */,
				13FAA77727DA5043006BAA9D /* Release */,
			);
			defaultConfigurationIsVisible = 0;
			defaultConfigurationName = Release;
		};
		13FAA77827DA5043006BAA9D /* Build configuration list for PBXNativeTarget "CurrencyExchangeUITests" */ = {
			isa = XCConfigurationList;
			buildConfigurations = (
				13FAA77927DA5043006BAA9D /* Debug */,
				13FAA77A27DA5043006BAA9D /* Release */,
			);
			defaultConfigurationIsVisible = 0;
			defaultConfigurationName = Release;
		};
/* End XCConfigurationList section */

/* Begin XCRemoteSwiftPackageReference section */
		13FAA77B27DA5060006BAA9D /* XCRemoteSwiftPackageReference "SwiftUIFlux" */ = {
			isa = XCRemoteSwiftPackageReference;
			repositoryURL = "https://github.com/Dimillian/SwiftUIFlux";
			requirement = {
				branch = master;
				kind = branch;
			};
		};
		13FAA77E27DA5087006BAA9D /* XCRemoteSwiftPackageReference "Alamofire" */ = {
			isa = XCRemoteSwiftPackageReference;
			repositoryURL = "https://github.com/Alamofire/Alamofire";
			requirement = {
				branch = master;
				kind = branch;
			};
		};
		13FAA7B827DBADA1006BAA9D /* XCRemoteSwiftPackageReference "neumorphic" */ = {
			isa = XCRemoteSwiftPackageReference;
			repositoryURL = "https://github.com/costachung/neumorphic/";
			requirement = {
				branch = master;
				kind = branch;
			};
		};
/* End XCRemoteSwiftPackageReference section */

/* Begin XCSwiftPackageProductDependency section */
		13FAA77C27DA5060006BAA9D /* SwiftUIFlux */ = {
			isa = XCSwiftPackageProductDependency;
			package = 13FAA77B27DA5060006BAA9D /* XCRemoteSwiftPackageReference "SwiftUIFlux" */;
			productName = SwiftUIFlux;
		};
		13FAA77F27DA5087006BAA9D /* Alamofire */ = {
			isa = XCSwiftPackageProductDependency;
			package = 13FAA77E27DA5087006BAA9D /* XCRemoteSwiftPackageReference "Alamofire" */;
			productName = Alamofire;
		};
		13FAA7B927DBADA1006BAA9D /* Neumorphic */ = {
			isa = XCSwiftPackageProductDependency;
			package = 13FAA7B827DBADA1006BAA9D /* XCRemoteSwiftPackageReference "neumorphic" */;
			productName = Neumorphic;
		};
/* End XCSwiftPackageProductDependency section */
	};
	rootObject = 13FAA74627DA5041006BAA9D /* Project object */;
}
